
Microsoft Visual Studio Solution File, Format Version 12.00
# Visual Studio Version 17
VisualStudioVersion = 17.3.32901.215
MinimumVisualStudioVersion = 10.0.40219.1
Project("{FAE04EC0-301F-11D3-BF4B-00C04F79EFBC}") = "P4_1_1214060", "latihan2\P4_1_1214060.csproj", "{EEEC1361-D98B-4A4D-9BAD-8BBC5CB0BA28}"
EndProject
Global
	GlobalSection(SolutionConfigurationPlatforms) = preSolution
		Debug|Any CPU = Debug|Any CPU
		Release|Any CPU = Release|Any CPU
	EndGlobalSection
	GlobalSection(ProjectConfigurationPlatforms) = postSolution
		{EEEC1361-D98B-4A4D-9BAD-8BBC5CB0BA28}.Debug|Any CPU.ActiveCfg = Debug|Any CPU
		{EEEC1361-D98B-4A4D-9BAD-8BBC5CB0BA28}.Debug|Any CPU.Build.0 = Debug|Any CPU
		{EEEC1361-D98B-4A4D-9BAD-8BBC5CB0BA28}.Release|Any CPU.ActiveCfg = Release|Any CPU
		{EEEC1361-D98B-4A4D-9BAD-8BBC5CB0BA28}.Release|Any CPU.Build.0 = Release|Any CPU
	EndGlobalSection
	GlobalSection(SolutionProperties) = preSolution
		HideSolutionNode = FALSE
	EndGlobalSection
	GlobalSection(ExtensibilityGlobals) = postSolution
		SolutionGuid = {D006B1AD-4263-4646-B825-2D804EAA67A5}
	EndGlobalSection
EndGlobal
